{
    "_readme": [
        "This file locks the dependencies of your project to a known state",
        "Read more about it at https://getcomposer.org/doc/01-basic-usage.md#composer-lock-the-lock-file",
        "This file is @generated automatically"
    ],
    "content-hash": "f4db053b411dc7d85ddfa3e3a7400cd6",
    "packages": [
        {
            "name": "basic/auth",
            "version": "2.0.9",
            "source": {
                "type": "git",
                "url": "https://github.com/aicoutos/auth.git",
                "reference": "e768362bcec7e8da995ea2687c2ef2d8de153ea6"
            },
            "dist": {
                "type": "zip",
                "url": "https://api.github.com/repos/aicoutos/auth/zipball/e768362bcec7e8da995ea2687c2ef2d8de153ea6",
                "reference": "e768362bcec7e8da995ea2687c2ef2d8de153ea6",
                "shasum": ""
            },
            "require": {
                "catfan/medoo": "v1.4.5"
            },
            "type": "library",
            "autoload": {
                "psr-4": {
                    "Basic\\": "/src"
                }
            },
            "notification-url": "https://packagist.org/downloads/",
            "license": [
                "MIT"
            ],
            "description": "Sistema básico de autenticação",
            "time": "2017-11-28T18:15:50+00:00"
        },
        {
            "name": "basic/download",
            "version": "1.0.1",
            "source": {
                "type": "git",
                "url": "https://github.com/aicoutos/download.git",
                "reference": "534a1dec295ee44c5aa321275cf01b7f45b55976"
            },
            "dist": {
                "type": "zip",
                "url": "https://api.github.com/repos/aicoutos/download/zipball/534a1dec295ee44c5aa321275cf01b7f45b55976",
                "reference": "534a1dec295ee44c5aa321275cf01b7f45b55976",
                "shasum": ""
            },
            "type": "library",
            "autoload": {
                "psr-4": {
                    "Basic\\": "/src"
                }
            },
            "notification-url": "https://packagist.org/downloads/",
            "license": [
                "MIT"
            ],
            "description": "Sistema básico de download",
            "time": "2017-10-21T16:59:02+00:00"
        },
        {
            "name": "basic/image",
            "version": "2.0.3",
            "source": {
                "type": "git",
                "url": "https://github.com/aicoutos/image.git",
                "reference": "ba94063b0554593a12c1e1f91d59ab33ff7c9520"
            },
            "dist": {
                "type": "zip",
                "url": "https://api.github.com/repos/aicoutos/image/zipball/ba94063b0554593a12c1e1f91d59ab33ff7c9520",
                "reference": "ba94063b0554593a12c1e1f91d59ab33ff7c9520",
                "shasum": ""
            },
            "require": {
                "claviska/simpleimage": "3.3.3"
            },
            "type": "library",
            "autoload": {
                "psr-4": {
                    "Basic\\": "/src"
                }
            },
            "notification-url": "https://packagist.org/downloads/",
            "license": [
                "MIT"
            ],
            "description": "Sistema básico de manipulação de imagens",
            "time": "2017-10-21T17:00:28+00:00"
        },
        {
            "name": "basic/mail",
            "version": "1.0.2",
            "source": {
                "type": "git",
                "url": "https://github.com/aicoutos/mail.git",
                "reference": "8637875c3bab54ea965ab8104a51eb17634d36b9"
            },
            "dist": {
                "type": "zip",
                "url": "https://api.github.com/repos/aicoutos/mail/zipball/8637875c3bab54ea965ab8104a51eb17634d36b9",
                "reference": "8637875c3bab54ea965ab8104a51eb17634d36b9",
                "shasum": ""
            },
            "require": {
                "phpmailer/phpmailer": "v6.0.1"
            },
            "type": "library",
            "autoload": {
                "psr-4": {
                    "Basic\\": "/src"
                }
            },
            "notification-url": "https://packagist.org/downloads/",
            "license": [
                "MIT"
            ],
            "description": "Sistema básico de envio de email",
            "time": "2017-10-21T17:08:45+00:00"
        },
        {
            "name": "basic/migration",
            "version": "2.0.0",
            "source": {
                "type": "git",
                "url": "https://github.com/aicoutos/migration.git",
                "reference": "eb362c6e45e1b6c420588361f4174bf8b49de6d6"
            },
            "dist": {
                "type": "zip",
                "url": "https://api.github.com/repos/aicoutos/migration/zipball/eb362c6e45e1b6c420588361f4174bf8b49de6d6",
                "reference": "eb362c6e45e1b6c420588361f4174bf8b49de6d6",
                "shasum": ""
            },
            "require": {
                "catfan/medoo": "v1.4.5"
            },
            "type": "library",
            "autoload": {
                "psr-4": {
                    "Basic\\": "/src"
                }
            },
            "notification-url": "https://packagist.org/downloads/",
            "license": [
                "MIT"
            ],
            "description": "Sistema básico de migration",
            "time": "2017-11-28T18:05:24+00:00"
        },
        {
            "name": "basic/sheet",
            "version": "1.0.2",
            "source": {
                "type": "git",
                "url": "https://github.com/aicoutos/sheet.git",
                "reference": "1cf51d9e66b84dc585ab619a890c353d0724f262"
            },
            "dist": {
                "type": "zip",
                "url": "https://api.github.com/repos/aicoutos/sheet/zipball/1cf51d9e66b84dc585ab619a890c353d0724f262",
                "reference": "1cf51d9e66b84dc585ab619a890c353d0724f262",
                "shasum": ""
            },
            "require": {
                "box/spout": "v2.7.3"
            },
            "type": "library",
            "autoload": {
                "psr-4": {
                    "Basic\\": "/src"
                }
            },
            "notification-url": "https://packagist.org/downloads/",
            "license": [
                "MIT"
            ],
            "description": "Sistema básico para manipulação de planilhas",
            "time": "2017-10-21T17:16:16+00:00"
        },
        {
            "name": "basic/upload",
            "version": "dev-master",
            "source": {
                "type": "git",
                "url": "https://github.com/aicoutos/upload.git",
                "reference": "663ee9c0517437e02ed830c2e6373529855aecd4"
            },
            "dist": {
                "type": "zip",
                "url": "https://api.github.com/repos/aicoutos/upload/zipball/663ee9c0517437e02ed830c2e6373529855aecd4",
                "reference": "663ee9c0517437e02ed830c2e6373529855aecd4",
                "shasum": ""
            },
            "type": "library",
            "autoload": {
                "psr-4": {
                    "Basic\\": "/src"
                }
            },
            "notification-url": "https://packagist.org/downloads/",
            "license": [
                "MIT"
            ],
            "description": "Sistema básico de upload",
            "time": "2017-10-28T19:31:31+00:00"
        },
        {
            "name": "basic/view",
            "version": "1.5.1",
            "source": {
                "type": "git",
                "url": "https://github.com/aicoutos/view.git",
                "reference": "e69da1e5edbfe2ba06e66202df149e183435e6dd"
            },
            "dist": {
                "type": "zip",
                "url": "https://api.github.com/repos/aicoutos/view/zipball/e69da1e5edbfe2ba06e66202df149e183435e6dd",
                "reference": "e69da1e5edbfe2ba06e66202df149e183435e6dd",
                "shasum": ""
            },
            "type": "library",
            "autoload": {
                "psr-4": {
                    "Basic\\": "/src"
                }
            },
            "notification-url": "https://packagist.org/downloads/",
            "license": [
                "MIT"
            ],
            "description": "Sistema de view básico ",
            "time": "2017-12-16T18:46:45+00:00"
        },
        {
            "name": "box/spout",
            "version": "v2.7.3",
            "source": {
                "type": "git",
                "url": "https://github.com/box/spout.git",
                "reference": "3681a3421a868ab9a65da156c554f756541f452b"
            },
            "dist": {
                "type": "zip",
                "url": "https://api.github.com/repos/box/spout/zipball/3681a3421a868ab9a65da156c554f756541f452b",
                "reference": "3681a3421a868ab9a65da156c554f756541f452b",
                "shasum": ""
            },
            "require": {
                "ext-xmlreader": "*",
                "ext-zip": "*",
                "php": ">=5.4.0"
            },
            "require-dev": {
                "phpunit/phpunit": "^4.8.0"
            },
            "suggest": {
                "ext-iconv": "To handle non UTF-8 CSV files (if \"php-intl\" is not already installed or is too limited)",
                "ext-intl": "To handle non UTF-8 CSV files (if \"iconv\" is not already installed)"
            },
            "type": "library",
            "extra": {
                "branch-alias": {
                    "dev-master": "2.8.x-dev"
                }
            },
            "autoload": {
                "psr-4": {
                    "Box\\Spout\\": "src/Spout"
                }
            },
            "notification-url": "https://packagist.org/downloads/",
            "license": [
                "Apache-2.0"
            ],
            "authors": [
                {
                    "name": "Adrien Loison",
                    "email": "adrien@box.com"
                }
            ],
            "description": "PHP Library to read and write spreadsheet files (CSV, XLSX and ODS), in a fast and scalable way",
            "homepage": "https://www.github.com/box/spout",
            "keywords": [
                "OOXML",
                "csv",
                "excel",
                "memory",
                "odf",
                "ods",
                "office",
                "open",
                "php",
                "read",
                "scale",
                "spreadsheet",
                "stream",
                "write",
                "xlsx"
            ],
            "time": "2017-09-25T19:44:35+00:00"
        },
        {
            "name": "catfan/medoo",
            "version": "v1.4.5",
            "source": {
                "type": "git",
                "url": "https://github.com/catfan/Medoo.git",
                "reference": "8ee8ae1c4df0fee3822a01333eab88893e548fcc"
            },
            "dist": {
                "type": "zip",
                "url": "https://api.github.com/repos/catfan/Medoo/zipball/8ee8ae1c4df0fee3822a01333eab88893e548fcc",
                "reference": "8ee8ae1c4df0fee3822a01333eab88893e548fcc",
                "shasum": ""
            },
            "require": {
                "ext-pdo": "*",
                "php": ">=5.4"
            },
            "suggest": {
                "ext-pdo_dblib": "For MSSQL or Sybase database on Linux/UNIX platform",
                "ext-pdo_mysql": "For MySQL or MariaDB database",
                "ext-pdo_oci": "For Oracle database",
                "ext-pdo_oci8": "For Oracle version 8 database",
                "ext-pdo_pqsql": "For PostgreSQL database",
                "ext-pdo_sqlite": "For SQLite database",
                "ext-pdo_sqlsrv": "For MSSQL database on Windows platform"
            },
            "type": "framework",
            "autoload": {
                "psr-4": {
                    "Medoo\\": "/src"
                }
            },
            "notification-url": "https://packagist.org/downloads/",
            "license": [
                "MIT"
            ],
            "authors": [
                {
                    "name": "Angel Lai",
                    "email": "angel@catfan.me"
                }
            ],
            "description": "The lightest PHP database framework to accelerate development",
            "homepage": "https://medoo.in",
            "keywords": [
                "database",
                "lightweight",
                "mariadb",
                "mssql",
                "mysql",
                "oracle",
                "php framework",
                "postgresql",
                "sql",
                "sqlite"
            ],
            "time": "2017-06-24T14:43:07+00:00"
        },
        {
            "name": "claviska/simpleimage",
            "version": "3.3.3",
            "source": {
                "type": "git",
                "url": "https://github.com/claviska/SimpleImage.git",
                "reference": "31ba5b8358e1663a2813e2ada7242fa8d97a96dc"
            },
            "dist": {
                "type": "zip",
                "url": "https://api.github.com/repos/claviska/SimpleImage/zipball/31ba5b8358e1663a2813e2ada7242fa8d97a96dc",
                "reference": "31ba5b8358e1663a2813e2ada7242fa8d97a96dc",
                "shasum": ""
            },
            "require": {
                "ext-gd": "*",
                "league/color-extractor": "0.3.*",
                "php": ">=5.6.0"
            },
            "type": "library",
            "autoload": {
                "psr-0": {
                    "claviska": "src/"
                }
            },
            "notification-url": "https://packagist.org/downloads/",
            "license": [
                "MIT"
            ],
            "authors": [
                {
                    "name": "Cory LaViska",
                    "homepage": "http://www.abeautifulsite.net/",
                    "role": "Developer"
                }
            ],
            "description": "A PHP class that makes working with images as simple as possible.",
            "time": "2017-09-12T09:03:56+00:00"
        },
        {
            "name": "guzzlehttp/psr7",
            "version": "dev-master",
            "source": {
                "type": "git",
                "url": "https://github.com/guzzle/psr7.git",
                "reference": "d2537c86fa8b004c29e9b9f5e10028f0a29df101"
            },
            "dist": {
                "type": "zip",
                "url": "https://api.github.com/repos/guzzle/psr7/zipball/d2537c86fa8b004c29e9b9f5e10028f0a29df101",
                "reference": "d2537c86fa8b004c29e9b9f5e10028f0a29df101",
                "shasum": ""
            },
            "require": {
                "php": ">=5.4.0",
                "psr/http-message": "~1.0"
            },
            "provide": {
                "psr/http-message-implementation": "1.0"
            },
            "require-dev": {
                "phpunit/phpunit": "~4.0"
            },
            "type": "library",
            "extra": {
                "branch-alias": {
                    "dev-master": "1.4-dev"
                }
            },
            "autoload": {
                "psr-4": {
                    "GuzzleHttp\\Psr7\\": "src/"
                },
                "files": [
                    "src/functions_include.php"
                ]
            },
            "notification-url": "https://packagist.org/downloads/",
            "license": [
                "MIT"
            ],
            "authors": [
                {
                    "name": "Michael Dowling",
                    "email": "mtdowling@gmail.com",
                    "homepage": "https://github.com/mtdowling"
                },
                {
                    "name": "Tobias Schultze",
                    "homepage": "https://github.com/Tobion"
                }
            ],
            "description": "PSR-7 message implementation that also provides common utility methods",
            "keywords": [
                "http",
                "message",
                "request",
                "response",
                "stream",
                "uri",
                "url"
            ],
            "time": "2017-10-07T03:19:56+00:00"
        },
        {
            "name": "intervention/image",
            "version": "2.4.1",
            "source": {
                "type": "git",
                "url": "https://github.com/Intervention/image.git",
                "reference": "3603dbcc9a17d307533473246a6c58c31cf17919"
            },
            "dist": {
                "type": "zip",
                "url": "https://api.github.com/repos/Intervention/image/zipball/3603dbcc9a17d307533473246a6c58c31cf17919",
                "reference": "3603dbcc9a17d307533473246a6c58c31cf17919",
                "shasum": ""
            },
            "require": {
                "ext-fileinfo": "*",
                "guzzlehttp/psr7": "~1.1",
                "php": ">=5.4.0"
            },
            "require-dev": {
                "mockery/mockery": "~0.9.2",
                "phpunit/phpunit": "^4.8 || ^5.7"
            },
            "suggest": {
                "ext-gd": "to use GD library based image processing.",
                "ext-imagick": "to use Imagick based image processing.",
                "intervention/imagecache": "Caching extension for the Intervention Image library"
            },
            "type": "library",
            "extra": {
                "branch-alias": {
                    "dev-master": "2.3-dev"
                },
                "laravel": {
                    "providers": [
                        "Intervention\\Image\\ImageServiceProvider"
                    ],
                    "aliases": {
                        "Image": "Intervention\\Image\\Facades\\Image"
                    }
                }
            },
            "autoload": {
                "psr-4": {
                    "Intervention\\Image\\": "src/Intervention/Image"
                }
            },
            "notification-url": "https://packagist.org/downloads/",
            "license": [
                "MIT"
            ],
            "authors": [
                {
                    "name": "Oliver Vogel",
                    "email": "oliver@olivervogel.com",
                    "homepage": "http://olivervogel.com/"
                }
            ],
            "description": "Image handling and manipulation library with support for Laravel integration",
            "homepage": "http://image.intervention.io/",
            "keywords": [
                "gd",
                "image",
                "imagick",
                "laravel",
                "thumbnail",
                "watermark"
            ],
            "time": "2017-09-21T16:29:17+00:00"
        },
        {
            "name": "league/color-extractor",
            "version": "0.3.2",
            "source": {
                "type": "git",
                "url": "https://github.com/thephpleague/color-extractor.git",
                "reference": "837086ec60f50c84c611c613963e4ad2e2aec806"
            },
            "dist": {
                "type": "zip",
                "url": "https://api.github.com/repos/thephpleague/color-extractor/zipball/837086ec60f50c84c611c613963e4ad2e2aec806",
                "reference": "837086ec60f50c84c611c613963e4ad2e2aec806",
                "shasum": ""
            },
            "require": {
                "ext-gd": "*",
                "php": ">=5.4.0"
            },
            "replace": {
                "matthecat/colorextractor": "*"
            },
            "require-dev": {
                "friendsofphp/php-cs-fixer": "~2",
                "phpunit/phpunit": "~5"
            },
            "type": "library",
            "autoload": {
                "psr-4": {
                    "": "src"
                }
            },
            "notification-url": "https://packagist.org/downloads/",
            "license": [
                "MIT"
            ],
            "authors": [
                {
                    "name": "Mathieu Lechat",
                    "email": "math.lechat@gmail.com",
                    "homepage": "http://matthecat.com",
                    "role": "Developer"
                }
            ],
            "description": "Extract colors from an image as a human would do.",
            "homepage": "https://github.com/thephpleague/color-extractor",
            "keywords": [
                "color",
                "extract",
                "human",
                "image",
                "palette"
            ],
            "time": "2016-12-15T09:30:02+00:00"
        },
        {
            "name": "league/flysystem",
            "version": "dev-master",
            "source": {
                "type": "git",
                "url": "https://github.com/thephpleague/flysystem.git",
                "reference": "f996962c617ddc71e79ab0f270ea966da796b20d"
            },
            "dist": {
                "type": "zip",
                "url": "https://api.github.com/repos/thephpleague/flysystem/zipball/f996962c617ddc71e79ab0f270ea966da796b20d",
                "reference": "f996962c617ddc71e79ab0f270ea966da796b20d",
                "shasum": ""
            },
            "require": {
                "php": ">=5.5.9"
            },
            "conflict": {
                "league/flysystem-sftp": "<1.0.6"
            },
            "require-dev": {
                "ext-fileinfo": "*",
                "phpspec/phpspec": "^3.4",
                "phpunit/phpunit": "^5.7"
            },
            "suggest": {
                "ext-fileinfo": "Required for MimeType",
                "ext-ftp": "Allows you to use FTP server storage",
                "ext-openssl": "Allows you to use FTPS server storage",
                "league/flysystem-aws-s3-v2": "Allows you to use S3 storage with AWS SDK v2",
                "league/flysystem-aws-s3-v3": "Allows you to use S3 storage with AWS SDK v3",
                "league/flysystem-azure": "Allows you to use Windows Azure Blob storage",
                "league/flysystem-cached-adapter": "Flysystem adapter decorator for metadata caching",
                "league/flysystem-eventable-filesystem": "Allows you to use EventableFilesystem",
                "league/flysystem-rackspace": "Allows you to use Rackspace Cloud Files",
                "league/flysystem-sftp": "Allows you to use SFTP server storage via phpseclib",
                "league/flysystem-webdav": "Allows you to use WebDAV storage",
                "league/flysystem-ziparchive": "Allows you to use ZipArchive adapter",
                "spatie/flysystem-dropbox": "Allows you to use Dropbox storage",
                "srmklive/flysystem-dropbox-v2": "Allows you to use Dropbox storage for PHP 5 applications"
            },
            "type": "library",
            "extra": {
                "branch-alias": {
                    "dev-master": "1.1-dev"
                }
            },
            "autoload": {
                "psr-4": {
                    "League\\Flysystem\\": "src/"
                }
            },
            "notification-url": "https://packagist.org/downloads/",
            "license": [
                "MIT"
            ],
            "authors": [
                {
                    "name": "Frank de Jonge",
                    "email": "info@frenky.net"
                }
            ],
            "description": "Filesystem abstraction: Many filesystems, one API.",
            "keywords": [
                "Cloud Files",
                "WebDAV",
                "abstraction",
                "aws",
                "cloud",
                "copy.com",
                "dropbox",
                "file systems",
                "files",
                "filesystem",
                "filesystems",
                "ftp",
                "rackspace",
                "remote",
                "s3",
                "sftp",
                "storage"
            ],
            "time": "2017-12-11T09:46:41+00:00"
        },
        {
            "name": "league/glide",
            "version": "1.2.2",
            "source": {
                "type": "git",
                "url": "https://github.com/thephpleague/glide.git",
                "reference": "8077f529a07ded3eed6c5dcf7f688249b626ddf3"
            },
            "dist": {
                "type": "zip",
                "url": "https://api.github.com/repos/thephpleague/glide/zipball/8077f529a07ded3eed6c5dcf7f688249b626ddf3",
                "reference": "8077f529a07ded3eed6c5dcf7f688249b626ddf3",
                "shasum": ""
            },
            "require": {
                "intervention/image": "^2.1",
                "league/flysystem": "^1.0",
                "php": "^5.4 | ^7.0",
                "psr/http-message": "^1.0"
            },
            "require-dev": {
                "mockery/mockery": "~0.9",
                "phpunit/php-token-stream": "^1.4",
                "phpunit/phpunit": "~4.4"
            },
            "type": "library",
            "extra": {
                "branch-alias": {
                    "dev-master": "1.1-dev"
                }
            },
            "autoload": {
                "psr-4": {
                    "League\\Glide\\": "src/"
                }
            },
            "notification-url": "https://packagist.org/downloads/",
            "license": [
                "MIT"
            ],
            "authors": [
                {
                    "name": "Jonathan Reinink",
                    "email": "jonathan@reinink.ca",
                    "homepage": "http://reinink.ca"
                }
            ],
            "description": "Wonderfully easy on-demand image manipulation library with an HTTP based API.",
            "homepage": "http://glide.thephpleague.com",
            "keywords": [
                "ImageMagick",
                "editing",
                "gd",
                "image",
                "imagick",
                "league",
                "manipulation",
                "processing"
            ],
            "time": "2017-05-09T17:41:49+00:00"
        },
        {
            "name": "phpmailer/phpmailer",
            "version": "v6.0.1",
            "source": {
                "type": "git",
                "url": "https://github.com/PHPMailer/PHPMailer.git",
                "reference": "992392437c2e2784e0dc41446024fe411d293c96"
            },
            "dist": {
                "type": "zip",
                "url": "https://api.github.com/repos/PHPMailer/PHPMailer/zipball/992392437c2e2784e0dc41446024fe411d293c96",
                "reference": "992392437c2e2784e0dc41446024fe411d293c96",
                "shasum": ""
            },
            "require": {
                "ext-ctype": "*",
                "php": ">=5.5.0"
            },
            "require-dev": {
                "doctrine/annotations": "1.2.*",
                "friendsofphp/php-cs-fixer": "^2.2",
                "phpdocumentor/phpdocumentor": "2.*",
                "phpunit/phpunit": "^4.8 || ^5.7",
                "zendframework/zend-eventmanager": "3.0.*",
                "zendframework/zend-i18n": "2.7.3",
                "zendframework/zend-serializer": "2.7.*"
            },
            "suggest": {
                "ext-mbstring": "Needed to send email in multibyte encoding charset",
                "hayageek/oauth2-yahoo": "Needed for Yahoo XOAUTH2 authentication",
                "league/oauth2-google": "Needed for Google XOAUTH2 authentication",
                "psr/log": "For optional PSR-3 debug logging",
                "stevenmaguire/oauth2-microsoft": "Needed for Microsoft XOAUTH2 authentication",
                "symfony/polyfill-mbstring": "To support UTF-8 if the Mbstring PHP extension is not enabled (^1.2)"
            },
            "type": "library",
            "autoload": {
                "psr-4": {
                    "PHPMailer\\PHPMailer\\": "src/"
                }
            },
            "notification-url": "https://packagist.org/downloads/",
            "license": [
                "LGPL-2.1"
            ],
            "authors": [
                {
                    "name": "Jim Jagielski",
                    "email": "jimjag@gmail.com"
                },
                {
                    "name": "Marcus Bointon",
                    "email": "phpmailer@synchromedia.co.uk"
                },
                {
                    "name": "Andy Prevost",
                    "email": "codeworxtech@users.sourceforge.net"
                },
                {
                    "name": "Brent R. Matzelle"
                }
            ],
            "description": "PHPMailer is a full-featured email creation and transfer class for PHP",
            "time": "2017-09-14T16:47:12+00:00"
        },
        {
            "name": "psr/http-message",
            "version": "dev-master",
            "source": {
                "type": "git",
                "url": "https://github.com/php-fig/http-message.git",
                "reference": "f6561bf28d520154e4b0ec72be95418abe6d9363"
            },
            "dist": {
                "type": "zip",
                "url": "https://api.github.com/repos/php-fig/http-message/zipball/f6561bf28d520154e4b0ec72be95418abe6d9363",
                "reference": "f6561bf28d520154e4b0ec72be95418abe6d9363",
                "shasum": ""
            },
            "require": {
                "php": ">=5.3.0"
            },
            "type": "library",
            "extra": {
                "branch-alias": {
                    "dev-master": "1.0.x-dev"
                }
            },
            "autoload": {
                "psr-4": {
                    "Psr\\Http\\Message\\": "src/"
                }
            },
            "notification-url": "https://packagist.org/downloads/",
            "license": [
                "MIT"
            ],
            "authors": [
                {
                    "name": "PHP-FIG",
                    "homepage": "http://www.php-fig.org/"
                }
            ],
            "description": "Common interface for HTTP messages",
            "homepage": "https://github.com/php-fig/http-message",
            "keywords": [
                "http",
                "http-message",
                "psr",
                "psr-7",
                "request",
                "response"
            ],
            "time": "2016-08-06T14:39:51+00:00"
        },
        {
            "name": "suin/php-rss-writer",
            "version": "dev-master",
            "source": {
                "type": "git",
                "url": "https://github.com/suin/php-rss-writer.git",
                "reference": "523bf3724c09ca521c2f9112ae20197d5db7f5c5"
            },
            "dist": {
                "type": "zip",
                "url": "https://api.github.com/repos/suin/php-rss-writer/zipball/523bf3724c09ca521c2f9112ae20197d5db7f5c5",
                "reference": "523bf3724c09ca521c2f9112ae20197d5db7f5c5",
                "shasum": ""
            },
            "require": {
                "php": ">=5.4.0"
            },
            "require-dev": {
                "mockery/mockery": ">=0.9 <1.0",
                "phpunit/phpunit": ">=4.8.36 <6.0",
                "suin/xoopsunit": ">=1.2"
            },
            "type": "library",
            "autoload": {
                "psr-0": {
                    "Suin\\RSSWriter": "src"
                }
            },
            "notification-url": "https://packagist.org/downloads/",
            "license": [
                "MIT"
            ],
            "authors": [
                {
                    "name": "suin",
                    "email": "suinyeze@gmail.com"
                }
            ],
            "description": "Yet another simple RSS writer library for PHP 5.4 or later.",
            "homepage": "https://github.com/suin/php-rss-writer",
            "keywords": [
                "feed",
                "generator",
                "php",
                "rss",
                "writer"
            ],
            "time": "2017-11-04T00:55:07+00:00"
        },
        {
            "name": "vlucas/phpdotenv",
            "version": "v2.4.0",
            "source": {
                "type": "git",
                "url": "https://github.com/vlucas/phpdotenv.git",
                "reference": "3cc116adbe4b11be5ec557bf1d24dc5e3a21d18c"
            },
            "dist": {
                "type": "zip",
                "url": "https://api.github.com/repos/vlucas/phpdotenv/zipball/3cc116adbe4b11be5ec557bf1d24dc5e3a21d18c",
                "reference": "3cc116adbe4b11be5ec557bf1d24dc5e3a21d18c",
                "shasum": ""
            },
            "require": {
                "php": ">=5.3.9"
            },
            "require-dev": {
                "phpunit/phpunit": "^4.8 || ^5.0"
            },
            "type": "library",
            "extra": {
                "branch-alias": {
                    "dev-master": "2.4-dev"
                }
            },
            "autoload": {
                "psr-4": {
                    "Dotenv\\": "src/"
                }
            },
            "notification-url": "https://packagist.org/downloads/",
            "license": [
                "BSD-3-Clause-Attribution"
            ],
            "authors": [
                {
                    "name": "Vance Lucas",
                    "email": "vance@vancelucas.com",
                    "homepage": "http://www.vancelucas.com"
                }
            ],
            "description": "Loads environment variables from `.env` to `getenv()`, `$_ENV` and `$_SERVER` automagically.",
            "keywords": [
                "dotenv",
                "env",
                "environment"
            ],
            "time": "2016-09-01T10:05:43+00:00"
        }
    ],
    "packages-dev": [],
    "aliases": [],
    "minimum-stability": "dev",
    "stability-flags": {
        "basic/upload": 20,
        "suin/php-rss-writer": 20
    },
    "prefer-stable": false,
    "prefer-lowest": false,
    "platform": [],
    "platform-dev": []
}
